
Microsoft Visual Studio Solution File, Format Version 12.00
# 
Project("{FAE04EC0-301F-11D3-BF4B-00C04F79EFBC}") = "PasteMyst.Web", "PasteMyst.Web\PasteMyst.Web.csproj", "{213FA8A8-BB41-4E6C-94BD-31EE4EC37366}"
EndProject
Project("{FAE04EC0-301F-11D3-BF4B-00C04F79EFBC}") = "PasteMyst.Web.Test.Unit", "PasteMyst.Web.Test.Unit\PasteMyst.Web.Test.Unit.csproj", "{933519F1-CADA-48CD-8CD4-744B81D50551}"
EndProject
Project("{2150E333-8FDC-42A3-9474-1A3956D46DE8}") = "Source", "Source", "{B97C05A0-0F16-4EE4-B3D1-5329BFDF5592}"
EndProject
Project("{2150E333-8FDC-42A3-9474-1A3956D46DE8}") = "Tests", "Tests", "{DB0EAFD1-8F6B-4F2D-98FD-49BB12D1EE1D}"
EndProject
Project("{FAE04EC0-301F-11D3-BF4B-00C04F79EFBC}") = "PasteMyst.Migrator", "PasteMyst.Migrator\PasteMyst.Migrator.csproj", "{B0C53925-B3AC-4E4F-ACDD-CA4E0B9BAC7E}"
EndProject
Global
	GlobalSection(SolutionConfigurationPlatforms) = preSolution
		Debug|Any CPU = Debug|Any CPU
		Release|Any CPU = Release|Any CPU
	EndGlobalSection
	GlobalSection(ProjectConfigurationPlatforms) = postSolution
		{213FA8A8-BB41-4E6C-94BD-31EE4EC37366}.Debug|Any CPU.ActiveCfg = Debug|Any CPU
		{213FA8A8-BB41-4E6C-94BD-31EE4EC37366}.Debug|Any CPU.Build.0 = Debug|Any CPU
		{213FA8A8-BB41-4E6C-94BD-31EE4EC37366}.Release|Any CPU.ActiveCfg = Release|Any CPU
		{213FA8A8-BB41-4E6C-94BD-31EE4EC37366}.Release|Any CPU.Build.0 = Release|Any CPU
		{933519F1-CADA-48CD-8CD4-744B81D50551}.Debug|Any CPU.ActiveCfg = Debug|Any CPU
		{933519F1-CADA-48CD-8CD4-744B81D50551}.Debug|Any CPU.Build.0 = Debug|Any CPU
		{933519F1-CADA-48CD-8CD4-744B81D50551}.Release|Any CPU.ActiveCfg = Release|Any CPU
		{933519F1-CADA-48CD-8CD4-744B81D50551}.Release|Any CPU.Build.0 = Release|Any CPU
		{B0C53925-B3AC-4E4F-ACDD-CA4E0B9BAC7E}.Debug|Any CPU.ActiveCfg = Debug|Any CPU
		{B0C53925-B3AC-4E4F-ACDD-CA4E0B9BAC7E}.Debug|Any CPU.Build.0 = Debug|Any CPU
		{B0C53925-B3AC-4E4F-ACDD-CA4E0B9BAC7E}.Release|Any CPU.ActiveCfg = Release|Any CPU
		{B0C53925-B3AC-4E4F-ACDD-CA4E0B9BAC7E}.Release|Any CPU.Build.0 = Release|Any CPU
	EndGlobalSection
	GlobalSection(NestedProjects) = preSolution
		{213FA8A8-BB41-4E6C-94BD-31EE4EC37366} = {B97C05A0-0F16-4EE4-B3D1-5329BFDF5592}
		{933519F1-CADA-48CD-8CD4-744B81D50551} = {DB0EAFD1-8F6B-4F2D-98FD-49BB12D1EE1D}
	EndGlobalSection
EndGlobal
